
Microsoft Visual Studio Solution File, Format Version 12.00
# Visual Studio Version 16
VisualStudioVersion = 16.0.30413.136
MinimumVisualStudioVersion = 10.0.40219.1
Project("{FAE04EC0-301F-11D3-BF4B-00C04F79EFBC}") = "Assignment 16 Movie Rental", "Assignment 16 Movie Rental\Assignment 16 Movie Rental.csproj", "{64860109-F83A-4AF3-8D50-AF811B448D3D}"
EndProject
Global
	GlobalSection(SolutionConfigurationPlatforms) = preSolution
		Debug|Any CPU = Debug|Any CPU
		Release|Any CPU = Release|Any CPU
	EndGlobalSection
	GlobalSection(ProjectConfigurationPlatforms) = postSolution
		{64860109-F83A-4AF3-8D50-AF811B448D3D}.Debug|Any CPU.ActiveCfg = Debug|Any CPU
		{64860109-F83A-4AF3-8D50-AF811B448D3D}.Debug|Any CPU.Build.0 = Debug|Any CPU
		{64860109-F83A-4AF3-8D50-AF811B448D3D}.Release|Any CPU.ActiveCfg = Release|Any CPU
		{64860109-F83A-4AF3-8D50-AF811B448D3D}.Release|Any CPU.Build.0 = Release|Any CPU
	EndGlobalSection
	GlobalSection(SolutionProperties) = preSolution
		HideSolutionNode = FALSE
	EndGlobalSection
	GlobalSection(ExtensibilityGlobals) = postSolution
		SolutionGuid = {2B1E2583-3DC2-466C-ADC2-AED75C5FD450}
	EndGlobalSection
EndGlobal
